{
  "nodes": {
    "flake-utils": {
      "locked": {
        "lastModified": 1644229661,
        "narHash": "sha256-1YdnJAsNy69bpcjuoKdOYQX0YxZBiCYZo4Twxerqv7k=",
        "owner": "numtide",
        "repo": "flake-utils",
        "rev": "3cecb5b042f7f209c56ffd8371b2711a290ec797",
        "type": "github"
      },
      "original": {
        "owner": "numtide",
        "repo": "flake-utils",
        "type": "github"
      }
    },
    "mutt-ics": {
      "flake": false,
      "locked": {
        "lastModified": 1574432179,
        "narHash": "sha256-6NYs/JpcOhkeCGqm9pEFJjFBbA0+S1X7dfbggyZJ/t4=",
        "owner": "dmedvinsky",
        "repo": "mutt-ics",
        "rev": "ac54116be429cb92230f03ec8d3cdbdceaf8f008",
        "type": "github"
      },
      "original": {
        "owner": "dmedvinsky",
        "repo": "mutt-ics",
        "type": "github"
      }
    },
    "nixpkgs": {
      "locked": {
        "lastModified": 1645623357,
        "narHash": "sha256-vAaI91QFn/kY/uMiebW+kG2mPmxirMSJWYtkqkBKdDc=",
        "owner": "nixos",
        "repo": "nixpkgs",
        "rev": "9222ae36b208d1c6b55d88e10aa68f969b5b5244",
        "type": "github"
      },
      "original": {
        "owner": "nixos",
        "ref": "nixpkgs-unstable",
        "repo": "nixpkgs",
        "type": "github"
      }
    },
    "projecteur": {
      "flake": false,
      "locked": {
        "lastModified": 1633633504,
        "narHash": "sha256-6h97ZwHXUnhQ9lJYCExeH179L8p2C9aSIPXxuwNW5E0=",
        "owner": "jahnf",
        "repo": "Projecteur",
        "rev": "21e5e606ff2fb5daf712d66fc2a77cdb7aa3cdde",
        "type": "github"
      },
      "original": {
        "owner": "jahnf",
        "repo": "Projecteur",
        "type": "github"
      }
    },
    "root": {
      "inputs": {
        "flake-utils": "flake-utils",
        "mutt-ics": "mutt-ics",
        "nixpkgs": "nixpkgs",
        "projecteur": "projecteur"
      }
    }
  },
  "root": "root",
  "version": 7
}
